// !$*UTF8*$!
{
	archiveVersion = 1;
	classes = {
	};
	objectVersion = 46;
	objects = {

/* Begin PBXBuildFile section */
		323EAB6E247C6D98C486ACC9 /* libPods-MyGirl.a in Frameworks */ = {isa = PBXBuildFile; fileRef = 8F64CB4F63C25499D2E2BF62 /* libPods-MyGirl.a */; };
		830F9AC21F4C7B5A0057345A /* MGGameViewController.m in Sources */ = {isa = PBXBuildFile; fileRef = 830F9AC11F4C7B5A0057345A /* MGGameViewController.m */; };
		830F9AC51F4C7D010057345A /* BaseViewController.m in Sources */ = {isa = PBXBuildFile; fileRef = 830F9AC41F4C7D010057345A /* BaseViewController.m */; };
		830F9ACD1F4C80840057345A /* DDParabolaImageView.m in Sources */ = {isa = PBXBuildFile; fileRef = 830F9AC81F4C80840057345A /* DDParabolaImageView.m */; };
		830F9ACE1F4C80840057345A /* KACircleProgressView.m in Sources */ = {isa = PBXBuildFile; fileRef = 830F9ACA1F4C80840057345A /* KACircleProgressView.m */; };
		830F9ACF1F4C80840057345A /* MakeThePointController.m in Sources */ = {isa = PBXBuildFile; fileRef = 830F9ACC1F4C80840057345A /* MakeThePointController.m */; };
		830F9AE21F4C90250057345A /* TAAbstractDotView.m in Sources */ = {isa = PBXBuildFile; fileRef = 830F9AD51F4C90250057345A /* TAAbstractDotView.m */; };
		830F9AE31F4C90250057345A /* TAAnimatedDotView.m in Sources */ = {isa = PBXBuildFile; fileRef = 830F9AD71F4C90250057345A /* TAAnimatedDotView.m */; };
		830F9AE41F4C90250057345A /* TADotView.m in Sources */ = {isa = PBXBuildFile; fileRef = 830F9AD91F4C90250057345A /* TADotView.m */; };
		830F9AE51F4C90250057345A /* TAPageControl.m in Sources */ = {isa = PBXBuildFile; fileRef = 830F9ADB1F4C90250057345A /* TAPageControl.m */; };
		830F9AE61F4C90250057345A /* SDCollectionViewCell.m in Sources */ = {isa = PBXBuildFile; fileRef = 830F9ADD1F4C90250057345A /* SDCollectionViewCell.m */; };
		830F9AE71F4C90250057345A /* SDCycleScrollView.m in Sources */ = {isa = PBXBuildFile; fileRef = 830F9ADF1F4C90250057345A /* SDCycleScrollView.m */; };
		830F9AE81F4C90250057345A /* UIView+SDExtension.m in Sources */ = {isa = PBXBuildFile; fileRef = 830F9AE11F4C90250057345A /* UIView+SDExtension.m */; };
		830F9AEB1F4C92F50057345A /* MGBridViewController.m in Sources */ = {isa = PBXBuildFile; fileRef = 830F9AEA1F4C92F50057345A /* MGBridViewController.m */; };
		830F9AF51F4C93460057345A /* 1.png in Resources */ = {isa = PBXBuildFile; fileRef = 830F9AED1F4C93460057345A /* 1.png */; };
		830F9AF61F4C93460057345A /* bird1.png in Resources */ = {isa = PBXBuildFile; fileRef = 830F9AEE1F4C93460057345A /* bird1.png */; };
		830F9AF71F4C93460057345A /* bluebird1.png in Resources */ = {isa = PBXBuildFile; fileRef = 830F9AEF1F4C93460057345A /* bluebird1.png */; };
		830F9AF81F4C93460057345A /* ice1.png in Resources */ = {isa = PBXBuildFile; fileRef = 830F9AF01F4C93460057345A /* ice1.png */; };
		830F9AF91F4C93460057345A /* pig1.png in Resources */ = {isa = PBXBuildFile; fileRef = 830F9AF11F4C93460057345A /* pig1.png */; };
		830F9AFA1F4C93460057345A /* pig_44.png in Resources */ = {isa = PBXBuildFile; fileRef = 830F9AF21F4C93460057345A /* pig_44.png */; };
		830F9AFB1F4C93460057345A /* shelf1.png in Resources */ = {isa = PBXBuildFile; fileRef = 830F9AF31F4C93460057345A /* shelf1.png */; };
		830F9AFC1F4C93460057345A /* yellowbird1.png in Resources */ = {isa = PBXBuildFile; fileRef = 830F9AF41F4C93460057345A /* yellowbird1.png */; };
		83119E8E1F4B45FA002A35F4 /* main.m in Sources */ = {isa = PBXBuildFile; fileRef = 83119E8D1F4B45FA002A35F4 /* main.m */; };
		83119E911F4B45FA002A35F4 /* AppDelegate.m in Sources */ = {isa = PBXBuildFile; fileRef = 83119E901F4B45FA002A35F4 /* AppDelegate.m */; };
		83119E941F4B45FA002A35F4 /* ViewController.m in Sources */ = {isa = PBXBuildFile; fileRef = 83119E931F4B45FA002A35F4 /* ViewController.m */; };
		83119E971F4B45FA002A35F4 /* Main.storyboard in Resources */ = {isa = PBXBuildFile; fileRef = 83119E951F4B45FA002A35F4 /* Main.storyboard */; };
		83119E991F4B45FA002A35F4 /* Assets.xcassets in Resources */ = {isa = PBXBuildFile; fileRef = 83119E981F4B45FA002A35F4 /* Assets.xcassets */; };
		83119E9C1F4B45FA002A35F4 /* LaunchScreen.storyboard in Resources */ = {isa = PBXBuildFile; fileRef = 83119E9A1F4B45FA002A35F4 /* LaunchScreen.storyboard */; };
		83119EA81F4B4793002A35F4 /* HYPasswordView.m in Sources */ = {isa = PBXBuildFile; fileRef = 83119EA71F4B4793002A35F4 /* HYPasswordView.m */; };
		83119EB11F4B5042002A35F4 /* fb_rotation.png in Resources */ = {isa = PBXBuildFile; fileRef = 83119EAD1F4B5042002A35F4 /* fb_rotation.png */; };
		83119EB21F4B5042002A35F4 /* fb_wave.png in Resources */ = {isa = PBXBuildFile; fileRef = 83119EAE1F4B5042002A35F4 /* fb_wave.png */; };
		83119EB31F4B5042002A35F4 /* YJWaveAnimationInTool.m in Sources */ = {isa = PBXBuildFile; fileRef = 83119EB01F4B5042002A35F4 /* YJWaveAnimationInTool.m */; };
/* End PBXBuildFile section */

/* Begin PBXFileReference section */
		4CCB98750688539FC0F0948A /* Pods-MyGirl.release.xcconfig */ = {isa = PBXFileReference; includeInIndex = 1; lastKnownFileType = text.xcconfig; name = "Pods-MyGirl.release.xcconfig"; path = "Pods/Target Support Files/Pods-MyGirl/Pods-MyGirl.release.xcconfig"; sourceTree = "<group>"; };
		529B2B9930CB3B75096E7102 /* Pods-MyGirl.debug.xcconfig */ = {isa = PBXFileReference; includeInIndex = 1; lastKnownFileType = text.xcconfig; name = "Pods-MyGirl.debug.xcconfig"; path = "Pods/Target Support Files/Pods-MyGirl/Pods-MyGirl.debug.xcconfig"; sourceTree = "<group>"; };
		830F9ABF1F4C760F0057345A /* Config.h */ = {isa = PBXFileReference; lastKnownFileType = sourcecode.c.h; path = Config.h; sourceTree = "<group>"; };
		830F9AC01F4C7B5A0057345A /* MGGameViewController.h */ = {isa = PBXFileReference; fileEncoding = 4; lastKnownFileType = sourcecode.c.h; path = MGGameViewController.h; sourceTree = "<group>"; };
		830F9AC11F4C7B5A0057345A /* MGGameViewController.m */ = {isa = PBXFileReference; fileEncoding = 4; lastKnownFileType = sourcecode.c.objc; path = MGGameViewController.m; sourceTree = "<group>"; };
		830F9AC31F4C7D010057345A /* BaseViewController.h */ = {isa = PBXFileReference; fileEncoding = 4; lastKnownFileType = sourcecode.c.h; path = BaseViewController.h; sourceTree = "<group>"; };
		830F9AC41F4C7D010057345A /* BaseViewController.m */ = {isa = PBXFileReference; fileEncoding = 4; lastKnownFileType = sourcecode.c.objc; path = BaseViewController.m; sourceTree = "<group>"; };
		830F9AC71F4C80840057345A /* DDParabolaImageView.h */ = {isa = PBXFileReference; fileEncoding = 4; lastKnownFileType = sourcecode.c.h; path = DDParabolaImageView.h; sourceTree = "<group>"; };
		830F9AC81F4C80840057345A /* DDParabolaImageView.m */ = {isa = PBXFileReference; fileEncoding = 4; lastKnownFileType = sourcecode.c.objc; path = DDParabolaImageView.m; sourceTree = "<group>"; };
		830F9AC91F4C80840057345A /* KACircleProgressView.h */ = {isa = PBXFileReference; fileEncoding = 4; lastKnownFileType = sourcecode.c.h; path = KACircleProgressView.h; sourceTree = "<group>"; };
		830F9ACA1F4C80840057345A /* KACircleProgressView.m */ = {isa = PBXFileReference; fileEncoding = 4; lastKnownFileType = sourcecode.c.objc; path = KACircleProgressView.m; sourceTree = "<group>"; };
		830F9ACB1F4C80840057345A /* MakeThePointController.h */ = {isa = PBXFileReference; fileEncoding = 4; lastKnownFileType = sourcecode.c.h; path = MakeThePointController.h; sourceTree = "<group>"; };
		830F9ACC1F4C80840057345A /* MakeThePointController.m */ = {isa = PBXFileReference; fileEncoding = 4; lastKnownFileType = sourcecode.c.objc; path = MakeThePointController.m; sourceTree = "<group>"; };
		830F9AD01F4C8FEF0057345A /* MGShowViewController.h */ = {isa = PBXFileReference; lastKnownFileType = sourcecode.c.h; path = MGShowViewController.h; sourceTree = "<group>"; };
		830F9AD11F4C8FEF0057345A /* MGShowViewController.m */ = {isa = PBXFileReference; lastKnownFileType = sourcecode.c.objc; path = MGShowViewController.m; sourceTree = "<group>"; };
		830F9AD41F4C90250057345A /* TAAbstractDotView.h */ = {isa = PBXFileReference; fileEncoding = 4; lastKnownFileType = sourcecode.c.h; path = TAAbstractDotView.h; sourceTree = "<group>"; };
		830F9AD51F4C90250057345A /* TAAbstractDotView.m */ = {isa = PBXFileReference; fileEncoding = 4; lastKnownFileType = sourcecode.c.objc; path = TAAbstractDotView.m; sourceTree = "<group>"; };
		830F9AD61F4C90250057345A /* TAAnimatedDotView.h */ = {isa = PBXFileReference; fileEncoding = 4; lastKnownFileType = sourcecode.c.h; path = TAAnimatedDotView.h; sourceTree = "<group>"; };
		830F9AD71F4C90250057345A /* TAAnimatedDotView.m */ = {isa = PBXFileReference; fileEncoding = 4; lastKnownFileType = sourcecode.c.objc; path = TAAnimatedDotView.m; sourceTree = "<group>"; };
		830F9AD81F4C90250057345A /* TADotView.h */ = {isa = PBXFileReference; fileEncoding = 4; lastKnownFileType = sourcecode.c.h; path = TADotView.h; sourceTree = "<group>"; };
		830F9AD91F4C90250057345A /* TADotView.m */ = {isa = PBXFileReference; fileEncoding = 4; lastKnownFileType = sourcecode.c.objc; path = TADotView.m; sourceTree = "<group>"; };
		830F9ADA1F4C90250057345A /* TAPageControl.h */ = {isa = PBXFileReference; fileEncoding = 4; lastKnownFileType = sourcecode.c.h; path = TAPageControl.h; sourceTree = "<group>"; };
		830F9ADB1F4C90250057345A /* TAPageControl.m */ = {isa = PBXFileReference; fileEncoding = 4; lastKnownFileType = sourcecode.c.objc; path = TAPageControl.m; sourceTree = "<group>"; };
		830F9ADC1F4C90250057345A /* SDCollectionViewCell.h */ = {isa = PBXFileReference; fileEncoding = 4; lastKnownFileType = sourcecode.c.h; path = SDCollectionViewCell.h; sourceTree = "<group>"; };
		830F9ADD1F4C90250057345A /* SDCollectionViewCell.m */ = {isa = PBXFileReference; fileEncoding = 4; lastKnownFileType = sourcecode.c.objc; path = SDCollectionViewCell.m; sourceTree = "<group>"; };
		830F9ADE1F4C90250057345A /* SDCycleScrollView.h */ = {isa = PBXFileReference; fileEncoding = 4; lastKnownFileType = sourcecode.c.h; path = SDCycleScrollView.h; sourceTree = "<group>"; };
		830F9ADF1F4C90250057345A /* SDCycleScrollView.m */ = {isa = PBXFileReference; fileEncoding = 4; lastKnownFileType = sourcecode.c.objc; path = SDCycleScrollView.m; sourceTree = "<group>"; };
		830F9AE01F4C90250057345A /* UIView+SDExtension.h */ = {isa = PBXFileReference; fileEncoding = 4; lastKnownFileType = sourcecode.c.h; path = "UIView+SDExtension.h"; sourceTree = "<group>"; };
		830F9AE11F4C90250057345A /* UIView+SDExtension.m */ = {isa = PBXFileReference; fileEncoding = 4; lastKnownFileType = sourcecode.c.objc; path = "UIView+SDExtension.m"; sourceTree = "<group>"; };
		830F9AE91F4C92F50057345A /* MGBridViewController.h */ = {isa = PBXFileReference; fileEncoding = 4; lastKnownFileType = sourcecode.c.h; path = MGBridViewController.h; sourceTree = "<group>"; };
		830F9AEA1F4C92F50057345A /* MGBridViewController.m */ = {isa = PBXFileReference; fileEncoding = 4; lastKnownFileType = sourcecode.c.objc; path = MGBridViewController.m; sourceTree = "<group>"; };
		830F9AED1F4C93460057345A /* 1.png */ = {isa = PBXFileReference; lastKnownFileType = image.png; path = 1.png; sourceTree = "<group>"; };
		830F9AEE1F4C93460057345A /* bird1.png */ = {isa = PBXFileReference; lastKnownFileType = image.png; path = bird1.png; sourceTree = "<group>"; };
		830F9AEF1F4C93460057345A /* bluebird1.png */ = {isa = PBXFileReference; lastKnownFileType = image.png; path = bluebird1.png; sourceTree = "<group>"; };
		830F9AF01F4C93460057345A /* ice1.png */ = {isa = PBXFileReference; lastKnownFileType = image.png; path = ice1.png; sourceTree = "<group>"; };
		830F9AF11F4C93460057345A /* pig1.png */ = {isa = PBXFileReference; lastKnownFileType = image.png; path = pig1.png; sourceTree = "<group>"; };
		830F9AF21F4C93460057345A /* pig_44.png */ = {isa = PBXFileReference; lastKnownFileType = image.png; path = pig_44.png; sourceTree = "<group>"; };
		830F9AF31F4C93460057345A /* shelf1.png */ = {isa = PBXFileReference; lastKnownFileType = image.png; path = shelf1.png; sourceTree = "<group>"; };
		830F9AF41F4C93460057345A /* yellowbird1.png */ = {isa = PBXFileReference; lastKnownFileType = image.png; path = yellowbird1.png; sourceTree = "<group>"; };
		83119E891F4B45FA002A35F4 /* MyGirl.app */ = {isa = PBXFileReference; explicitFileType = wrapper.application; includeInIndex = 0; path = MyGirl.app; sourceTree = BUILT_PRODUCTS_DIR; };
		83119E8D1F4B45FA002A35F4 /* main.m */ = {isa = PBXFileReference; lastKnownFileType = sourcecode.c.objc; path = main.m; sourceTree = "<group>"; };
		83119E8F1F4B45FA002A35F4 /* AppDelegate.h */ = {isa = PBXFileReference; lastKnownFileType = sourcecode.c.h; path = AppDelegate.h; sourceTree = "<group>"; };
		83119E901F4B45FA002A35F4 /* AppDelegate.m */ = {isa = PBXFileReference; lastKnownFileType = sourcecode.c.objc; path = AppDelegate.m; sourceTree = "<group>"; };
		83119E921F4B45FA002A35F4 /* ViewController.h */ = {isa = PBXFileReference; lastKnownFileType = sourcecode.c.h; path = ViewController.h; sourceTree = "<group>"; };
		83119E931F4B45FA002A35F4 /* ViewController.m */ = {isa = PBXFileReference; lastKnownFileType = sourcecode.c.objc; path = ViewController.m; sourceTree = "<group>"; };
		83119E961F4B45FA002A35F4 /* Base */ = {isa = PBXFileReference; lastKnownFileType = file.storyboard; name = Base; path = Base.lproj/Main.storyboard; sourceTree = "<group>"; };
		83119E981F4B45FA002A35F4 /* Assets.xcassets */ = {isa = PBXFileReference; lastKnownFileType = folder.assetcatalog; path = Assets.xcassets; sourceTree = "<group>"; };
		83119E9B1F4B45FA002A35F4 /* Base */ = {isa = PBXFileReference; lastKnownFileType = file.storyboard; name = Base; path = Base.lproj/LaunchScreen.storyboard; sourceTree = "<group>"; };
		83119E9D1F4B45FA002A35F4 /* Info.plist */ = {isa = PBXFileReference; lastKnownFileType = text.plist.xml; path = Info.plist; sourceTree = "<group>"; };
		83119EA61F4B4793002A35F4 /* HYPasswordView.h */ = {isa = PBXFileReference; fileEncoding = 4; lastKnownFileType = sourcecode.c.h; path = HYPasswordView.h; sourceTree = "<group>"; };
		83119EA71F4B4793002A35F4 /* HYPasswordView.m */ = {isa = PBXFileReference; fileEncoding = 4; lastKnownFileType = sourcecode.c.objc; path = HYPasswordView.m; sourceTree = "<group>"; };
		83119EA91F4B480A002A35F4 /* PrefixHeader.pch */ = {isa = PBXFileReference; lastKnownFileType = sourcecode.c.h; path = PrefixHeader.pch; sourceTree = "<group>"; };
		83119EAD1F4B5042002A35F4 /* fb_rotation.png */ = {isa = PBXFileReference; lastKnownFileType = image.png; path = fb_rotation.png; sourceTree = "<group>"; };
		83119EAE1F4B5042002A35F4 /* fb_wave.png */ = {isa = PBXFileReference; lastKnownFileType = image.png; path = fb_wave.png; sourceTree = "<group>"; };
		83119EAF1F4B5042002A35F4 /* YJWaveAnimationInTool.h */ = {isa = PBXFileReference; fileEncoding = 4; lastKnownFileType = sourcecode.c.h; path = YJWaveAnimationInTool.h; sourceTree = "<group>"; };
		83119EB01F4B5042002A35F4 /* YJWaveAnimationInTool.m */ = {isa = PBXFileReference; fileEncoding = 4; lastKnownFileType = sourcecode.c.objc; path = YJWaveAnimationInTool.m; sourceTree = "<group>"; };
		8F64CB4F63C25499D2E2BF62 /* libPods-MyGirl.a */ = {isa = PBXFileReference; explicitFileType = archive.ar; includeInIndex = 0; path = "libPods-MyGirl.a"; sourceTree = BUILT_PRODUCTS_DIR; };
/* End PBXFileReference section */

/* Begin PBXFrameworksBuildPhase section */
		83119E861F4B45FA002A35F4 /* Frameworks */ = {
			isa = PBXFrameworksBuildPhase;
			buildActionMask = 2147483647;
			files = (
				323EAB6E247C6D98C486ACC9 /* libPods-MyGirl.a in Frameworks */,
			);
			runOnlyForDeploymentPostprocessing = 0;
		};
/* End PBXFrameworksBuildPhase section */

/* Begin PBXGroup section */
		265BF0316EAA335360638631 /* Pods */ = {
			isa = PBXGroup;
			children = (
				529B2B9930CB3B75096E7102 /* Pods-MyGirl.debug.xcconfig */,
				4CCB98750688539FC0F0948A /* Pods-MyGirl.release.xcconfig */,
			);
			name = Pods;
			sourceTree = "<group>";
		};
		6415FA475A429FBD40B3CFEB /* Frameworks */ = {
			isa = PBXGroup;
			children = (
				8F64CB4F63C25499D2E2BF62 /* libPods-MyGirl.a */,
			);
			name = Frameworks;
			sourceTree = "<group>";
		};
		830F9AC61F4C80670057345A /* LoopView */ = {
			isa = PBXGroup;
			children = (
				830F9AC71F4C80840057345A /* DDParabolaImageView.h */,
				830F9AC81F4C80840057345A /* DDParabolaImageView.m */,
				830F9AC91F4C80840057345A /* KACircleProgressView.h */,
				830F9ACA1F4C80840057345A /* KACircleProgressView.m */,
				830F9ACB1F4C80840057345A /* MakeThePointController.h */,
				830F9ACC1F4C80840057345A /* MakeThePointController.m */,
			);
			path = LoopView;
			sourceTree = "<group>";
		};
		830F9AD21F4C90250057345A /* SDCycleScrollView */ = {
			isa = PBXGroup;
			children = (
				830F9AD31F4C90250057345A /* PageControl */,
				830F9ADC1F4C90250057345A /* SDCollectionViewCell.h */,
				830F9ADD1F4C90250057345A /* SDCollectionViewCell.m */,
				830F9ADE1F4C90250057345A /* SDCycleScrollView.h */,
				830F9ADF1F4C90250057345A /* SDCycleScrollView.m */,
				830F9AE01F4C90250057345A /* UIView+SDExtension.h */,
				830F9AE11F4C90250057345A /* UIView+SDExtension.m */,
			);
			path = SDCycleScrollView;
			sourceTree = "<group>";
		};
		830F9AD31F4C90250057345A /* PageControl */ = {
			isa = PBXGroup;
			children = (
				830F9AD41F4C90250057345A /* TAAbstractDotView.h */,
				830F9AD51F4C90250057345A /* TAAbstractDotView.m */,
				830F9AD61F4C90250057345A /* TAAnimatedDotView.h */,
				830F9AD71F4C90250057345A /* TAAnimatedDotView.m */,
				830F9AD81F4C90250057345A /* TADotView.h */,
				830F9AD91F4C90250057345A /* TADotView.m */,
				830F9ADA1F4C90250057345A /* TAPageControl.h */,
				830F9ADB1F4C90250057345A /* TAPageControl.m */,
			);
			path = PageControl;
			sourceTree = "<group>";
		};
		830F9AEC1F4C93460057345A /* 愤怒的小鸟 */ = {
			isa = PBXGroup;
			children = (
				830F9AED1F4C93460057345A /* 1.png */,
				830F9AEE1F4C93460057345A /* bird1.png */,
				830F9AEF1F4C93460057345A /* bluebird1.png */,
				830F9AF01F4C93460057345A /* ice1.png */,
				830F9AF11F4C93460057345A /* pig1.png */,
				830F9AF21F4C93460057345A /* pig_44.png */,
				830F9AF31F4C93460057345A /* shelf1.png */,
				830F9AF41F4C93460057345A /* yellowbird1.png */,
			);
			path = "愤怒的小鸟";
			sourceTree = "<group>";
		};
		83119E801F4B45FA002A35F4 = {
			isa = PBXGroup;
			children = (
				83119E8B1F4B45FA002A35F4 /* MyGirl */,
				83119E8A1F4B45FA002A35F4 /* Products */,
				265BF0316EAA335360638631 /* Pods */,
				6415FA475A429FBD40B3CFEB /* Frameworks */,
			);
			sourceTree = "<group>";
		};
		83119E8A1F4B45FA002A35F4 /* Products */ = {
			isa = PBXGroup;
			children = (
				83119E891F4B45FA002A35F4 /* MyGirl.app */,
			);
			name = Products;
			sourceTree = "<group>";
		};
		83119E8B1F4B45FA002A35F4 /* MyGirl */ = {
			isa = PBXGroup;
			children = (
				83119EB41F4B5686002A35F4 /* Image */,
				83119EAA1F4B503C002A35F4 /* Other */,
				83119EA51F4B4766002A35F4 /* Model */,
				83119EA41F4B4760002A35F4 /* View */,
				83119EA31F4B4756002A35F4 /* ViewController */,
				83119E8C1F4B45FA002A35F4 /* Supporting Files */,
			);
			path = MyGirl;
			sourceTree = "<group>";
		};
		83119E8C1F4B45FA002A35F4 /* Supporting Files */ = {
			isa = PBXGroup;
			children = (
				830F9ABF1F4C760F0057345A /* Config.h */,
				83119E901F4B45FA002A35F4 /* AppDelegate.m */,
				83119E8F1F4B45FA002A35F4 /* AppDelegate.h */,
				83119E9A1F4B45FA002A35F4 /* LaunchScreen.storyboard */,
				83119E9D1F4B45FA002A35F4 /* Info.plist */,
				83119E981F4B45FA002A35F4 /* Assets.xcassets */,
				83119E951F4B45FA002A35F4 /* Main.storyboard */,
				83119E8D1F4B45FA002A35F4 /* main.m */,
				83119EA91F4B480A002A35F4 /* PrefixHeader.pch */,
			);
			name = "Supporting Files";
			sourceTree = "<group>";
		};
		83119EA31F4B4756002A35F4 /* ViewController */ = {
			isa = PBXGroup;
			children = (
				83119E921F4B45FA002A35F4 /* ViewController.h */,
				83119E931F4B45FA002A35F4 /* ViewController.m */,
				830F9AC01F4C7B5A0057345A /* MGGameViewController.h */,
				830F9AC11F4C7B5A0057345A /* MGGameViewController.m */,
				830F9AC31F4C7D010057345A /* BaseViewController.h */,
				830F9AC41F4C7D010057345A /* BaseViewController.m */,
				830F9AD01F4C8FEF0057345A /* MGShowViewController.h */,
				830F9AD11F4C8FEF0057345A /* MGShowViewController.m */,
				830F9AE91F4C92F50057345A /* MGBridViewController.h */,
				830F9AEA1F4C92F50057345A /* MGBridViewController.m */,
			);
			name = ViewController;
			sourceTree = "<group>";
		};
		83119EA41F4B4760002A35F4 /* View */ = {
			isa = PBXGroup;
			children = (
				83119EA61F4B4793002A35F4 /* HYPasswordView.h */,
				83119EA71F4B4793002A35F4 /* HYPasswordView.m */,
			);
			name = View;
			sourceTree = "<group>";
		};
		83119EA51F4B4766002A35F4 /* Model */ = {
			isa = PBXGroup;
			children = (
			);
			name = Model;
			sourceTree = "<group>";
		};
		83119EAA1F4B503C002A35F4 /* Other */ = {
			isa = PBXGroup;
			children = (
				830F9AEC1F4C93460057345A /* 愤怒的小鸟 */,
				830F9AD21F4C90250057345A /* SDCycleScrollView */,
				830F9AC61F4C80670057345A /* LoopView */,
				83119EAB1F4B5042002A35F4 /* YJWaveAnimation */,
			);
			path = Other;
			sourceTree = "<group>";
		};
		83119EAB1F4B5042002A35F4 /* YJWaveAnimation */ = {
			isa = PBXGroup;
			children = (
				83119EAC1F4B5042002A35F4 /* images */,
				83119EAF1F4B5042002A35F4 /* YJWaveAnimationInTool.h */,
				83119EB01F4B5042002A35F4 /* YJWaveAnimationInTool.m */,
			);
			path = YJWaveAnimation;
			sourceTree = "<group>";
		};
		83119EAC1F4B5042002A35F4 /* images */ = {
			isa = PBXGroup;
			children = (
				83119EAD1F4B5042002A35F4 /* fb_rotation.png */,
				83119EAE1F4B5042002A35F4 /* fb_wave.png */,
			);
			path = images;
			sourceTree = "<group>";
		};
		83119EB41F4B5686002A35F4 /* Image */ = {
			isa = PBXGroup;
			children = (
			);
			path = Image;
			sourceTree = "<group>";
		};
/* End PBXGroup section */

/* Begin PBXNativeTarget section */
		83119E881F4B45FA002A35F4 /* MyGirl */ = {
			isa = PBXNativeTarget;
			buildConfigurationList = 83119EA01F4B45FA002A35F4 /* Build configuration list for PBXNativeTarget "MyGirl" */;
			buildPhases = (
				981D11D136C98BBC389D95FF /* [CP] Check Pods Manifest.lock */,
				83119E851F4B45FA002A35F4 /* Sources */,
				83119E861F4B45FA002A35F4 /* Frameworks */,
				83119E871F4B45FA002A35F4 /* Resources */,
				CC3A04AB446426EAEA046A9F /* [CP] Embed Pods Frameworks */,
				3A5613F3E1D6FD3B5936C602 /* [CP] Copy Pods Resources */,
			);
			buildRules = (
			);
			dependencies = (
			);
			name = MyGirl;
			productName = MyGirl;
			productReference = 83119E891F4B45FA002A35F4 /* MyGirl.app */;
			productType = "com.apple.product-type.application";
		};
/* End PBXNativeTarget section */

/* Begin PBXProject section */
		83119E811F4B45FA002A35F4 /* Project object */ = {
			isa = PBXProject;
			attributes = {
				LastUpgradeCheck = 0810;
				ORGANIZATIONNAME = Firstlight;
				TargetAttributes = {
					83119E881F4B45FA002A35F4 = {
						CreatedOnToolsVersion = 8.1;
						DevelopmentTeam = K7M5Q2DUD5;
						ProvisioningStyle = Automatic;
					};
				};
			};
			buildConfigurationList = 83119E841F4B45FA002A35F4 /* Build configuration list for PBXProject "MyGirl" */;
			compatibilityVersion = "Xcode 3.2";
			developmentRegion = English;
			hasScannedForEncodings = 0;
			knownRegions = (
				en,
				Base,
			);
			mainGroup = 83119E801F4B45FA002A35F4;
			productRefGroup = 83119E8A1F4B45FA002A35F4 /* Products */;
			projectDirPath = "";
			projectRoot = "";
			targets = (
				83119E881F4B45FA002A35F4 /* MyGirl */,
			);
		};
/* End PBXProject section */

/* Begin PBXResourcesBuildPhase section */
		83119E871F4B45FA002A35F4 /* Resources */ = {
			isa = PBXResourcesBuildPhase;
			buildActionMask = 2147483647;
			files = (
				830F9AFB1F4C93460057345A /* shelf1.png in Resources */,
				830F9AFC1F4C93460057345A /* yellowbird1.png in Resources */,
				83119EB21F4B5042002A35F4 /* fb_wave.png in Resources */,
				830F9AFA1F4C93460057345A /* pig_44.png in Resources */,
				83119E9C1F4B45FA002A35F4 /* LaunchScreen.storyboard in Resources */,
				830F9AF81F4C93460057345A /* ice1.png in Resources */,
				830F9AF71F4C93460057345A /* bluebird1.png in Resources */,
				83119EB11F4B5042002A35F4 /* fb_rotation.png in Resources */,
				830F9AF51F4C93460057345A /* 1.png in Resources */,
				830F9AF91F4C93460057345A /* pig1.png in Resources */,
				830F9AF61F4C93460057345A /* bird1.png in Resources */,
				83119E991F4B45FA002A35F4 /* Assets.xcassets in Resources */,
				83119E971F4B45FA002A35F4 /* Main.storyboard in Resources */,
			);
			runOnlyForDeploymentPostprocessing = 0;
		};
/* End PBXResourcesBuildPhase section */

/* Begin PBXShellScriptBuildPhase section */
		3A5613F3E1D6FD3B5936C602 /* [CP] Copy Pods Resources */ = {
			isa = PBXShellScriptBuildPhase;
			buildActionMask = 2147483647;
			files = (
			);
			inputPaths = (
				"${SRCROOT}/Pods/Target Support Files/Pods-MyGirl/Pods-MyGirl-resources.sh",
				"${PODS_ROOT}/IQKeyboardManager/IQKeyboardManager/Resources/IQKeyboardManager.bundle",
				"${PODS_ROOT}/MJRefresh/MJRefresh/MJRefresh.bundle",
			);
			name = "[CP] Copy Pods Resources";
			outputPaths = (
				"${TARGET_BUILD_DIR}/${UNLOCALIZED_RESOURCES_FOLDER_PATH}",
			);
			runOnlyForDeploymentPostprocessing = 0;
			shellPath = /bin/sh;
			shellScript = "\"${SRCROOT}/Pods/Target Support Files/Pods-MyGirl/Pods-MyGirl-resources.sh\"\n";
			showEnvVarsInLog = 0;
		};
		981D11D136C98BBC389D95FF /* [CP] Check Pods Manifest.lock */ = {
			isa = PBXShellScriptBuildPhase;
			buildActionMask = 2147483647;
			files = (
			);
			inputPaths = (
				"${PODS_PODFILE_DIR_PATH}/Podfile.lock",
				"${PODS_ROOT}/Manifest.lock",
			);
			name = "[CP] Check Pods Manifest.lock";
			outputPaths = (
				"$(DERIVED_FILE_DIR)/Pods-MyGirl-checkManifestLockResult.txt",
			);
			runOnlyForDeploymentPostprocessing = 0;
			shellPath = /bin/sh;
			shellScript = "diff \"${PODS_PODFILE_DIR_PATH}/Podfile.lock\" \"${PODS_ROOT}/Manifest.lock\" > /dev/null\nif [ $? != 0 ] ; then\n    # print error to STDERR\n    echo \"error: The sandbox is not in sync with the Podfile.lock. Run 'pod install' or update your CocoaPods installation.\" >&2\n    exit 1\nfi\n# This output is used by Xcode 'outputs' to avoid re-running this script phase.\necho \"SUCCESS\" > \"${SCRIPT_OUTPUT_FILE_0}\"\n";
			showEnvVarsInLog = 0;
		};
		CC3A04AB446426EAEA046A9F /* [CP] Embed Pods Frameworks */ = {
			isa = PBXShellScriptBuildPhase;
			buildActionMask = 2147483647;
			files = (
			);
			inputPaths = (
			);
			name = "[CP] Embed Pods Frameworks";
			outputPaths = (
			);
			runOnlyForDeploymentPostprocessing = 0;
			shellPath = /bin/sh;
			shellScript = "\"${SRCROOT}/Pods/Target Support Files/Pods-MyGirl/Pods-MyGirl-frameworks.sh\"\n";
			showEnvVarsInLog = 0;
		};
/* End PBXShellScriptBuildPhase section */

/* Begin PBXSourcesBuildPhase section */
		83119E851F4B45FA002A35F4 /* Sources */ = {
			isa = PBXSourcesBuildPhase;
			buildActionMask = 2147483647;
			files = (
				830F9ACD1F4C80840057345A /* DDParabolaImageView.m in Sources */,
				830F9AE41F4C90250057345A /* TADotView.m in Sources */,
				830F9ACE1F4C80840057345A /* KACircleProgressView.m in Sources */,
				83119E941F4B45FA002A35F4 /* ViewController.m in Sources */,
				830F9AE21F4C90250057345A /* TAAbstractDotView.m in Sources */,
				83119E911F4B45FA002A35F4 /* AppDelegate.m in Sources */,
				830F9AC21F4C7B5A0057345A /* MGGameViewController.m in Sources */,
				830F9AE51F4C90250057345A /* TAPageControl.m in Sources */,
				830F9AE61F4C90250057345A /* SDCollectionViewCell.m in Sources */,
				83119EA81F4B4793002A35F4 /* HYPasswordView.m in Sources */,
				83119E8E1F4B45FA002A35F4 /* main.m in Sources */,
				830F9AE31F4C90250057345A /* TAAnimatedDotView.m in Sources */,
				830F9AC51F4C7D010057345A /* BaseViewController.m in Sources */,
				830F9AEB1F4C92F50057345A /* MGBridViewController.m in Sources */,
				830F9ACF1F4C80840057345A /* MakeThePointController.m in Sources */,
				83119EB31F4B5042002A35F4 /* YJWaveAnimationInTool.m in Sources */,
				830F9AE81F4C90250057345A /* UIView+SDExtension.m in Sources */,
				830F9AE71F4C90250057345A /* SDCycleScrollView.m in Sources */,
			);
			runOnlyForDeploymentPostprocessing = 0;
		};
/* End PBXSourcesBuildPhase section */

/* Begin PBXVariantGroup section */
		83119E951F4B45FA002A35F4 /* Main.storyboard */ = {
			isa = PBXVariantGroup;
			children = (
				83119E961F4B45FA002A35F4 /* Base */,
			);
			name = Main.storyboard;
			sourceTree = "<group>";
		};
		83119E9A1F4B45FA002A35F4 /* LaunchScreen.storyboard */ = {
			isa = PBXVariantGroup;
			children = (
				83119E9B1F4B45FA002A35F4 /* Base */,
			);
			name = LaunchScreen.storyboard;
			sourceTree = "<group>";
		};
/* End PBXVariantGroup section */

/* Begin XCBuildConfiguration section */
		83119E9E1F4B45FA002A35F4 /* Debug */ = {
			isa = XCBuildConfiguration;
			buildSettings = {
				ALWAYS_SEARCH_USER_PATHS = NO;
				CLANG_ANALYZER_NONNULL = YES;
				CLANG_CXX_LANGUAGE_STANDARD = "gnu++0x";
				CLANG_CXX_LIBRARY = "libc++";
				CLANG_ENABLE_MODULES = YES;
				CLANG_ENABLE_OBJC_ARC = YES;
				CLANG_WARN_BOOL_CONVERSION = YES;
				CLANG_WARN_CONSTANT_CONVERSION = YES;
				CLANG_WARN_DIRECT_OBJC_ISA_USAGE = YES_ERROR;
				CLANG_WARN_DOCUMENTATION_COMMENTS = YES;
				CLANG_WARN_EMPTY_BODY = YES;
				CLANG_WARN_ENUM_CONVERSION = YES;
				CLANG_WARN_INFINITE_RECURSION = YES;
				CLANG_WARN_INT_CONVERSION = YES;
				CLANG_WARN_OBJC_ROOT_CLASS = YES_ERROR;
				CLANG_WARN_SUSPICIOUS_MOVES = YES;
				CLANG_WARN_UNREACHABLE_CODE = YES;
				CLANG_WARN__DUPLICATE_METHOD_MATCH = YES;
				"CODE_SIGN_IDENTITY[sdk=iphoneos*]" = "iPhone Developer";
				COPY_PHASE_STRIP = NO;
				DEBUG_INFORMATION_FORMAT = dwarf;
				ENABLE_STRICT_OBJC_MSGSEND = YES;
				ENABLE_TESTABILITY = YES;
				GCC_C_LANGUAGE_STANDARD = gnu99;
				GCC_DYNAMIC_NO_PIC = NO;
				GCC_NO_COMMON_BLOCKS = YES;
				GCC_OPTIMIZATION_LEVEL = 0;
				GCC_PREPROCESSOR_DEFINITIONS = (
					"DEBUG=1",
					"$(inherited)",
				);
				GCC_WARN_64_TO_32_BIT_CONVERSION = YES;
				GCC_WARN_ABOUT_RETURN_TYPE = YES_ERROR;
				GCC_WARN_UNDECLARED_SELECTOR = YES;
				GCC_WARN_UNINITIALIZED_AUTOS = YES_AGGRESSIVE;
				GCC_WARN_UNUSED_FUNCTION = YES;
				GCC_WARN_UNUSED_VARIABLE = YES;
				IPHONEOS_DEPLOYMENT_TARGET = 10.1;
				MTL_ENABLE_DEBUG_INFO = YES;
				ONLY_ACTIVE_ARCH = YES;
				SDKROOT = iphoneos;
			};
			name = Debug;
		};
		83119E9F1F4B45FA002A35F4 /* Release */ = {
			isa = XCBuildConfiguration;
			buildSettings = {
				ALWAYS_SEARCH_USER_PATHS = NO;
				CLANG_ANALYZER_NONNULL = YES;
				CLANG_CXX_LANGUAGE_STANDARD = "gnu++0x";
				CLANG_CXX_LIBRARY = "libc++";
				CLANG_ENABLE_MODULES = YES;
				CLANG_ENABLE_OBJC_ARC = YES;
				CLANG_WARN_BOOL_CONVERSION = YES;
				CLANG_WARN_CONSTANT_CONVERSION = YES;
				CLANG_WARN_DIRECT_OBJC_ISA_USAGE = YES_ERROR;
				CLANG_WARN_DOCUMENTATION_COMMENTS = YES;
				CLANG_WARN_EMPTY_BODY = YES;
				CLANG_WARN_ENUM_CONVERSION = YES;
				CLANG_WARN_INFINITE_RECURSION = YES;
				CLANG_WARN_INT_CONVERSION = YES;
				CLANG_WARN_OBJC_ROOT_CLASS = YES_ERROR;
				CLANG_WARN_SUSPICIOUS_MOVES = YES;
				CLANG_WARN_UNREACHABLE_CODE = YES;
				CLANG_WARN__DUPLICATE_METHOD_MATCH = YES;
				"CODE_SIGN_IDENTITY[sdk=iphoneos*]" = "iPhone Developer";
				COPY_PHASE_STRIP = NO;
				DEBUG_INFORMATION_FORMAT = "dwarf-with-dsym";
				ENABLE_NS_ASSERTIONS = NO;
				ENABLE_STRICT_OBJC_MSGSEND = YES;
				GCC_C_LANGUAGE_STANDARD = gnu99;
				GCC_NO_COMMON_BLOCKS = YES;
				GCC_WARN_64_TO_32_BIT_CONVERSION = YES;
				GCC_WARN_ABOUT_RETURN_TYPE = YES_ERROR;
				GCC_WARN_UNDECLARED_SELECTOR = YES;
				GCC_WARN_UNINITIALIZED_AUTOS = YES_AGGRESSIVE;
				GCC_WARN_UNUSED_FUNCTION = YES;
				GCC_WARN_UNUSED_VARIABLE = YES;
				IPHONEOS_DEPLOYMENT_TARGET = 10.1;
				MTL_ENABLE_DEBUG_INFO = NO;
				SDKROOT = iphoneos;
				VALIDATE_PRODUCT = YES;
			};
			name = Release;
		};
		83119EA11F4B45FA002A35F4 /* Debug */ = {
			isa = XCBuildConfiguration;
			baseConfigurationReference = 529B2B9930CB3B75096E7102 /* Pods-MyGirl.debug.xcconfig */;
			buildSettings = {
				ASSETCATALOG_COMPILER_APPICON_NAME = AppIcon;
				DEVELOPMENT_TEAM = K7M5Q2DUD5;
				GCC_PREFIX_HEADER = /Users/liguang/MyGirl/MyGirl/MyGirl/PrefixHeader.pch;
				INFOPLIST_FILE = MyGirl/Info.plist;
				LD_RUNPATH_SEARCH_PATHS = "$(inherited) @executable_path/Frameworks";
				PRODUCT_BUNDLE_IDENTIFIER = com.Firstlight.MyGirl;
				PRODUCT_NAME = "$(TARGET_NAME)";
			};
			name = Debug;
		};
		83119EA21F4B45FA002A35F4 /* Release */ = {
			isa = XCBuildConfiguration;
			baseConfigurationReference = 4CCB98750688539FC0F0948A /* Pods-MyGirl.release.xcconfig */;
			buildSettings = {
				ASSETCATALOG_COMPILER_APPICON_NAME = AppIcon;
				DEVELOPMENT_TEAM = K7M5Q2DUD5;
				GCC_PREFIX_HEADER = /Users/liguang/MyGirl/MyGirl/MyGirl/PrefixHeader.pch;
				INFOPLIST_FILE = MyGirl/Info.plist;
				LD_RUNPATH_SEARCH_PATHS = "$(inherited) @executable_path/Frameworks";
				PRODUCT_BUNDLE_IDENTIFIER = com.Firstlight.MyGirl;
				PRODUCT_NAME = "$(TARGET_NAME)";
			};
			name = Release;
		};
/* End XCBuildConfiguration section */

/* Begin XCConfigurationList section */
		83119E841F4B45FA002A35F4 /* Build configuration list for PBXProject "MyGirl" */ = {
			isa = XCConfigurationList;
			buildConfigurations = (
				83119E9E1F4B45FA002A35F4 /* Debug */,
				83119E9F1F4B45FA002A35F4 /* Release */,
			);
			defaultConfigurationIsVisible = 0;
			defaultConfigurationName = Release;
		};
		83119EA01F4B45FA002A35F4 /* Build configuration list for PBXNativeTarget "MyGirl" */ = {
			isa = XCConfigurationList;
			buildConfigurations = (
				83119EA11F4B45FA002A35F4 /* Debug */,
				83119EA21F4B45FA002A35F4 /* Release */,
			);
			defaultConfigurationIsVisible = 0;
			defaultConfigurationName = Release;
		};
/* End XCConfigurationList section */
	};
	rootObject = 83119E811F4B45FA002A35F4 /* Project object */;
}
